
Microsoft Visual Studio Solution File, Format Version 11.00
# Visual Studio 2010
Project("{FAE04EC0-301F-11D3-BF4B-00C04F79EFBC}") = "R-Card", "Assembly-CSharp.csproj", "{CB3DFF3A-3CCB-B2BB-053A-53A6E76C896C}"
EndProject
Global
	GlobalSection(SolutionConfigurationPlatforms) = preSolution
		Debug|Any CPU = Debug|Any CPU
		Release|Any CPU = Release|Any CPU
	EndGlobalSection
	GlobalSection(ProjectConfigurationPlatforms) = postSolution
		{CB3DFF3A-3CCB-B2BB-053A-53A6E76C896C}.Debug|Any CPU.ActiveCfg = Debug|Any CPU
		{CB3DFF3A-3CCB-B2BB-053A-53A6E76C896C}.Debug|Any CPU.Build.0 = Debug|Any CPU
		{CB3DFF3A-3CCB-B2BB-053A-53A6E76C896C}.Release|Any CPU.ActiveCfg = Release|Any CPU
		{CB3DFF3A-3CCB-B2BB-053A-53A6E76C896C}.Release|Any CPU.Build.0 = Release|Any CPU
	EndGlobalSection
	GlobalSection(SolutionProperties) = preSolution
		HideSolutionNode = FALSE
	EndGlobalSection
	GlobalSection(MonoDevelopProperties) = preSolution
		StartupItem = Assembly-CSharp.csproj
	EndGlobalSection
EndGlobal
